
using System;

namespace Csh_lab1
{
    class Program
    {
        static void Main(string[] args)
        {
            Console.WriteLine("lab_1 task 4");

            int a, b;
            Console.Write("a = ");
            a = Convert.ToInt32(Console.ReadLine());

            Console.Write("b = ");
            b = Convert.ToInt32(Console.ReadLine());

            int result = (a / b);

            Console.Write("\nAnsver: " + result);
           
        }
    }
}
